// !$*UTF8*$!
{
	archiveVersion = 1;
	classes = {
	};
	objectVersion = 51;
	objects = {

/* Begin PBXBuildFile section */
		52B0799EFBC96A5EF03DA1A3 /* Pods_LXDY.framework in Frameworks */ = {isa = PBXBuildFile; fileRef = 652716D438E069E136DC2E89 /* Pods_LXDY.framework */; };
		7F8B279224D2B9D400BBDEE0 /* AppDelegate.swift in Sources */ = {isa = PBXBuildFile; fileRef = 7F8B279124D2B9D400BBDEE0 /* AppDelegate.swift */; };
		7F8B279924D2B9D400BBDEE0 /* Main.storyboard in Resources */ = {isa = PBXBuildFile; fileRef = 7F8B279724D2B9D400BBDEE0 /* Main.storyboard */; };
		7F8B279B24D2B9D700BBDEE0 /* Assets.xcassets in Resources */ = {isa = PBXBuildFile; fileRef = 7F8B279A24D2B9D700BBDEE0 /* Assets.xcassets */; };
		7F8B279E24D2B9D700BBDEE0 /* LaunchScreen.storyboard in Resources */ = {isa = PBXBuildFile; fileRef = 7F8B279C24D2B9D700BBDEE0 /* LaunchScreen.storyboard */; };
		7F8B27A924D2B9D700BBDEE0 /* LXDYTests.swift in Sources */ = {isa = PBXBuildFile; fileRef = 7F8B27A824D2B9D700BBDEE0 /* LXDYTests.swift */; };
		7F8B27B424D2B9D700BBDEE0 /* LXDYUITests.swift in Sources */ = {isa = PBXBuildFile; fileRef = 7F8B27B324D2B9D700BBDEE0 /* LXDYUITests.swift */; };
		7F8B27CE24D39D5D00BBDEE0 /* MainViewController.swift in Sources */ = {isa = PBXBuildFile; fileRef = 7F8B27CD24D39D5D00BBDEE0 /* MainViewController.swift */; };
		7F8B27D024D39D7200BBDEE0 /* HomeViewController.swift in Sources */ = {isa = PBXBuildFile; fileRef = 7F8B27CF24D39D7200BBDEE0 /* HomeViewController.swift */; };
		7F8B27D224D39D8100BBDEE0 /* LiveViewController.swift in Sources */ = {isa = PBXBuildFile; fileRef = 7F8B27D124D39D8100BBDEE0 /* LiveViewController.swift */; };
		7F8B27D424D39D9600BBDEE0 /* RoomViewController.swift in Sources */ = {isa = PBXBuildFile; fileRef = 7F8B27D324D39D9600BBDEE0 /* RoomViewController.swift */; };
		7F8B27D824D39EA400BBDEE0 /* LXBaseTabBarController.swift in Sources */ = {isa = PBXBuildFile; fileRef = 7F8B27D724D39EA400BBDEE0 /* LXBaseTabBarController.swift */; };
		7F8B27F224D3A32800BBDEE0 /* LXNotifion.swift in Sources */ = {isa = PBXBuildFile; fileRef = 7F8B27E224D3A32800BBDEE0 /* LXNotifion.swift */; };
		7F8B27F324D3A32800BBDEE0 /* NetworkTool.swift in Sources */ = {isa = PBXBuildFile; fileRef = 7F8B27E324D3A32800BBDEE0 /* NetworkTool.swift */; };
		7F8B27F424D3A32800BBDEE0 /* NormalColor.swift in Sources */ = {isa = PBXBuildFile; fileRef = 7F8B27E424D3A32800BBDEE0 /* NormalColor.swift */; };
		7F8B27F524D3A32800BBDEE0 /* Macro.swift in Sources */ = {isa = PBXBuildFile; fileRef = 7F8B27E524D3A32800BBDEE0 /* Macro.swift */; };
		7F8B27F624D3A32800BBDEE0 /* LXViewNormalSet.swift in Sources */ = {isa = PBXBuildFile; fileRef = 7F8B27E824D3A32800BBDEE0 /* LXViewNormalSet.swift */; };
		7F8B27F724D3A32800BBDEE0 /* LXString.swift in Sources */ = {isa = PBXBuildFile; fileRef = 7F8B27E924D3A32800BBDEE0 /* LXString.swift */; };
		7F8B27F824D3A32800BBDEE0 /* LXBtnNormalSet.swift in Sources */ = {isa = PBXBuildFile; fileRef = 7F8B27EA24D3A32800BBDEE0 /* LXBtnNormalSet.swift */; };
		7F8B27F924D3A32800BBDEE0 /* LXFrame.swift in Sources */ = {isa = PBXBuildFile; fileRef = 7F8B27EB24D3A32800BBDEE0 /* LXFrame.swift */; };
		7F8B27FA24D3A32800BBDEE0 /* LXBaseLabel.swift in Sources */ = {isa = PBXBuildFile; fileRef = 7F8B27EC24D3A32800BBDEE0 /* LXBaseLabel.swift */; };
		7F8B27FC24D3ACC600BBDEE0 /* FollowViewController.swift in Sources */ = {isa = PBXBuildFile; fileRef = 7F8B27FB24D3ACC600BBDEE0 /* FollowViewController.swift */; };
		7F8B27FE24D3ACDA00BBDEE0 /* ProfileViewController.swift in Sources */ = {isa = PBXBuildFile; fileRef = 7F8B27FD24D3ACDA00BBDEE0 /* ProfileViewController.swift */; };
		7F8B280224D3B43500BBDEE0 /* UITabBarItem_extension.swift in Sources */ = {isa = PBXBuildFile; fileRef = 7F8B280124D3B43500BBDEE0 /* UITabBarItem_extension.swift */; };
		7F8B280624D3EE2400BBDEE0 /* PageContentView.swift in Sources */ = {isa = PBXBuildFile; fileRef = 7F8B280424D3EE2400BBDEE0 /* PageContentView.swift */; };
		7F8B280724D3EE2400BBDEE0 /* PageTitleView.swift in Sources */ = {isa = PBXBuildFile; fileRef = 7F8B280524D3EE2400BBDEE0 /* PageTitleView.swift */; };
		7F8B280D24D40D0900BBDEE0 /* CollectionPrettyCell.xib in Resources */ = {isa = PBXBuildFile; fileRef = 7F8B280824D40D0800BBDEE0 /* CollectionPrettyCell.xib */; };
		7F8B280E24D40D0900BBDEE0 /* CollectionPrettyCell.swift in Sources */ = {isa = PBXBuildFile; fileRef = 7F8B280924D40D0900BBDEE0 /* CollectionPrettyCell.swift */; };
		7F8B280F24D40D0900BBDEE0 /* CollectionNormalCell.swift in Sources */ = {isa = PBXBuildFile; fileRef = 7F8B280A24D40D0900BBDEE0 /* CollectionNormalCell.swift */; };
		7F8B281024D40D0900BBDEE0 /* CollectionBaseCell.swift in Sources */ = {isa = PBXBuildFile; fileRef = 7F8B280B24D40D0900BBDEE0 /* CollectionBaseCell.swift */; };
		7F8B281124D40D0900BBDEE0 /* CollectionNormalCell.xib in Resources */ = {isa = PBXBuildFile; fileRef = 7F8B280C24D40D0900BBDEE0 /* CollectionNormalCell.xib */; };
		7F8B281324D40D4100BBDEE0 /* RecommendViewController.swift in Sources */ = {isa = PBXBuildFile; fileRef = 7F8B281224D40D4100BBDEE0 /* RecommendViewController.swift */; };
		7F8B281524D40D4F00BBDEE0 /* GameViewController.swift in Sources */ = {isa = PBXBuildFile; fileRef = 7F8B281424D40D4F00BBDEE0 /* GameViewController.swift */; };
		7F8B281724D40D5C00BBDEE0 /* AmuseViewController.swift in Sources */ = {isa = PBXBuildFile; fileRef = 7F8B281624D40D5C00BBDEE0 /* AmuseViewController.swift */; };
		7F8B281924D40D6D00BBDEE0 /* FunnyViewController.swift in Sources */ = {isa = PBXBuildFile; fileRef = 7F8B281824D40D6D00BBDEE0 /* FunnyViewController.swift */; };
		7F8B281E24D40E8800BBDEE0 /* AnchorGroup.swift in Sources */ = {isa = PBXBuildFile; fileRef = 7F8B281B24D40E8800BBDEE0 /* AnchorGroup.swift */; };
		7F8B281F24D40E8800BBDEE0 /* AnchorModel.swift in Sources */ = {isa = PBXBuildFile; fileRef = 7F8B281C24D40E8800BBDEE0 /* AnchorModel.swift */; };
		7F8B282024D40E8800BBDEE0 /* BaseGameModel.swift in Sources */ = {isa = PBXBuildFile; fileRef = 7F8B281D24D40E8800BBDEE0 /* BaseGameModel.swift */; };
		83A9B7CB7F63E4CF94327326 /* Pods_LXDYUITests.framework in Frameworks */ = {isa = PBXBuildFile; fileRef = CDCB27F0D4DA29EC8F537380 /* Pods_LXDYUITests.framework */; };
		E010E8797F2E5C47A24E179D /* Pods_LXDYTests.framework in Frameworks */ = {isa = PBXBuildFile; fileRef = F70DDB1754477BBCA0B9ACC9 /* Pods_LXDYTests.framework */; };
/* End PBXBuildFile section */

/* Begin PBXContainerItemProxy section */
		7F8B27A524D2B9D700BBDEE0 /* PBXContainerItemProxy */ = {
			isa = PBXContainerItemProxy;
			containerPortal = 7F8B278624D2B9D400BBDEE0 /* Project object */;
			proxyType = 1;
			remoteGlobalIDString = 7F8B278D24D2B9D400BBDEE0;
			remoteInfo = LXDY;
		};
		7F8B27B024D2B9D700BBDEE0 /* PBXContainerItemProxy */ = {
			isa = PBXContainerItemProxy;
			containerPortal = 7F8B278624D2B9D400BBDEE0 /* Project object */;
			proxyType = 1;
			remoteGlobalIDString = 7F8B278D24D2B9D400BBDEE0;
			remoteInfo = LXDY;
		};
/* End PBXContainerItemProxy section */

/* Begin PBXFileReference section */
		197ED7CD3E404605DE757833 /* Pods-LXDY.debug.xcconfig */ = {isa = PBXFileReference; includeInIndex = 1; lastKnownFileType = text.xcconfig; name = "Pods-LXDY.debug.xcconfig"; path = "Target Support Files/Pods-LXDY/Pods-LXDY.debug.xcconfig"; sourceTree = "<group>"; };
		5CA4345E05A77FEF37767F74 /* Pods-LXDYUITests.debug.xcconfig */ = {isa = PBXFileReference; includeInIndex = 1; lastKnownFileType = text.xcconfig; name = "Pods-LXDYUITests.debug.xcconfig"; path = "Target Support Files/Pods-LXDYUITests/Pods-LXDYUITests.debug.xcconfig"; sourceTree = "<group>"; };
		652716D438E069E136DC2E89 /* Pods_LXDY.framework */ = {isa = PBXFileReference; explicitFileType = wrapper.framework; includeInIndex = 0; path = Pods_LXDY.framework; sourceTree = BUILT_PRODUCTS_DIR; };
		68639F7AB57E2E73C23CFAA4 /* Pods-LXDY.release.xcconfig */ = {isa = PBXFileReference; includeInIndex = 1; lastKnownFileType = text.xcconfig; name = "Pods-LXDY.release.xcconfig"; path = "Target Support Files/Pods-LXDY/Pods-LXDY.release.xcconfig"; sourceTree = "<group>"; };
		7F8B278E24D2B9D400BBDEE0 /* LXDY.app */ = {isa = PBXFileReference; explicitFileType = wrapper.application; includeInIndex = 0; path = LXDY.app; sourceTree = BUILT_PRODUCTS_DIR; };
		7F8B279124D2B9D400BBDEE0 /* AppDelegate.swift */ = {isa = PBXFileReference; lastKnownFileType = sourcecode.swift; path = AppDelegate.swift; sourceTree = "<group>"; };
		7F8B279824D2B9D400BBDEE0 /* Base */ = {isa = PBXFileReference; lastKnownFileType = file.storyboard; name = Base; path = Base.lproj/Main.storyboard; sourceTree = "<group>"; };
		7F8B279A24D2B9D700BBDEE0 /* Assets.xcassets */ = {isa = PBXFileReference; lastKnownFileType = folder.assetcatalog; path = Assets.xcassets; sourceTree = "<group>"; };
		7F8B279D24D2B9D700BBDEE0 /* Base */ = {isa = PBXFileReference; lastKnownFileType = file.storyboard; name = Base; path = Base.lproj/LaunchScreen.storyboard; sourceTree = "<group>"; };
		7F8B279F24D2B9D700BBDEE0 /* Info.plist */ = {isa = PBXFileReference; lastKnownFileType = text.plist.xml; path = Info.plist; sourceTree = "<group>"; };
		7F8B27A424D2B9D700BBDEE0 /* LXDYTests.xctest */ = {isa = PBXFileReference; explicitFileType = wrapper.cfbundle; includeInIndex = 0; path = LXDYTests.xctest; sourceTree = BUILT_PRODUCTS_DIR; };
		7F8B27A824D2B9D700BBDEE0 /* LXDYTests.swift */ = {isa = PBXFileReference; lastKnownFileType = sourcecode.swift; path = LXDYTests.swift; sourceTree = "<group>"; };
		7F8B27AA24D2B9D700BBDEE0 /* Info.plist */ = {isa = PBXFileReference; lastKnownFileType = text.plist.xml; path = Info.plist; sourceTree = "<group>"; };
		7F8B27AF24D2B9D700BBDEE0 /* LXDYUITests.xctest */ = {isa = PBXFileReference; explicitFileType = wrapper.cfbundle; includeInIndex = 0; path = LXDYUITests.xctest; sourceTree = BUILT_PRODUCTS_DIR; };
		7F8B27B324D2B9D700BBDEE0 /* LXDYUITests.swift */ = {isa = PBXFileReference; lastKnownFileType = sourcecode.swift; path = LXDYUITests.swift; sourceTree = "<group>"; };
		7F8B27B524D2B9D700BBDEE0 /* Info.plist */ = {isa = PBXFileReference; lastKnownFileType = text.plist.xml; path = Info.plist; sourceTree = "<group>"; };
		7F8B27CD24D39D5D00BBDEE0 /* MainViewController.swift */ = {isa = PBXFileReference; lastKnownFileType = sourcecode.swift; path = MainViewController.swift; sourceTree = "<group>"; };
		7F8B27CF24D39D7200BBDEE0 /* HomeViewController.swift */ = {isa = PBXFileReference; lastKnownFileType = sourcecode.swift; path = HomeViewController.swift; sourceTree = "<group>"; };
		7F8B27D124D39D8100BBDEE0 /* LiveViewController.swift */ = {isa = PBXFileReference; lastKnownFileType = sourcecode.swift; path = LiveViewController.swift; sourceTree = "<group>"; };
		7F8B27D324D39D9600BBDEE0 /* RoomViewController.swift */ = {isa = PBXFileReference; lastKnownFileType = sourcecode.swift; path = RoomViewController.swift; sourceTree = "<group>"; };
		7F8B27D724D39EA400BBDEE0 /* LXBaseTabBarController.swift */ = {isa = PBXFileReference; lastKnownFileType = sourcecode.swift; path = LXBaseTabBarController.swift; sourceTree = "<group>"; };
		7F8B27E224D3A32800BBDEE0 /* LXNotifion.swift */ = {isa = PBXFileReference; fileEncoding = 4; lastKnownFileType = sourcecode.swift; path = LXNotifion.swift; sourceTree = "<group>"; };
		7F8B27E324D3A32800BBDEE0 /* NetworkTool.swift */ = {isa = PBXFileReference; fileEncoding = 4; lastKnownFileType = sourcecode.swift; path = NetworkTool.swift; sourceTree = "<group>"; };
		7F8B27E424D3A32800BBDEE0 /* NormalColor.swift */ = {isa = PBXFileReference; fileEncoding = 4; lastKnownFileType = sourcecode.swift; path = NormalColor.swift; sourceTree = "<group>"; };
		7F8B27E524D3A32800BBDEE0 /* Macro.swift */ = {isa = PBXFileReference; fileEncoding = 4; lastKnownFileType = sourcecode.swift; path = Macro.swift; sourceTree = "<group>"; };
		7F8B27E824D3A32800BBDEE0 /* LXViewNormalSet.swift */ = {isa = PBXFileReference; fileEncoding = 4; lastKnownFileType = sourcecode.swift; path = LXViewNormalSet.swift; sourceTree = "<group>"; };
		7F8B27E924D3A32800BBDEE0 /* LXString.swift */ = {isa = PBXFileReference; fileEncoding = 4; lastKnownFileType = sourcecode.swift; path = LXString.swift; sourceTree = "<group>"; };
		7F8B27EA24D3A32800BBDEE0 /* LXBtnNormalSet.swift */ = {isa = PBXFileReference; fileEncoding = 4; lastKnownFileType = sourcecode.swift; path = LXBtnNormalSet.swift; sourceTree = "<group>"; };
		7F8B27EB24D3A32800BBDEE0 /* LXFrame.swift */ = {isa = PBXFileReference; fileEncoding = 4; lastKnownFileType = sourcecode.swift; path = LXFrame.swift; sourceTree = "<group>"; };
		7F8B27EC24D3A32800BBDEE0 /* LXBaseLabel.swift */ = {isa = PBXFileReference; fileEncoding = 4; lastKnownFileType = sourcecode.swift; path = LXBaseLabel.swift; sourceTree = "<group>"; };
		7F8B27FB24D3ACC600BBDEE0 /* FollowViewController.swift */ = {isa = PBXFileReference; lastKnownFileType = sourcecode.swift; path = FollowViewController.swift; sourceTree = "<group>"; };
		7F8B27FD24D3ACDA00BBDEE0 /* ProfileViewController.swift */ = {isa = PBXFileReference; lastKnownFileType = sourcecode.swift; path = ProfileViewController.swift; sourceTree = "<group>"; };
		7F8B280124D3B43500BBDEE0 /* UITabBarItem_extension.swift */ = {isa = PBXFileReference; lastKnownFileType = sourcecode.swift; path = UITabBarItem_extension.swift; sourceTree = "<group>"; };
		7F8B280424D3EE2400BBDEE0 /* PageContentView.swift */ = {isa = PBXFileReference; fileEncoding = 4; lastKnownFileType = sourcecode.swift; path = PageContentView.swift; sourceTree = "<group>"; };
		7F8B280524D3EE2400BBDEE0 /* PageTitleView.swift */ = {isa = PBXFileReference; fileEncoding = 4; lastKnownFileType = sourcecode.swift; path = PageTitleView.swift; sourceTree = "<group>"; };
		7F8B280824D40D0800BBDEE0 /* CollectionPrettyCell.xib */ = {isa = PBXFileReference; fileEncoding = 4; lastKnownFileType = file.xib; path = CollectionPrettyCell.xib; sourceTree = "<group>"; };
		7F8B280924D40D0900BBDEE0 /* CollectionPrettyCell.swift */ = {isa = PBXFileReference; fileEncoding = 4; lastKnownFileType = sourcecode.swift; path = CollectionPrettyCell.swift; sourceTree = "<group>"; };
		7F8B280A24D40D0900BBDEE0 /* CollectionNormalCell.swift */ = {isa = PBXFileReference; fileEncoding = 4; lastKnownFileType = sourcecode.swift; path = CollectionNormalCell.swift; sourceTree = "<group>"; };
		7F8B280B24D40D0900BBDEE0 /* CollectionBaseCell.swift */ = {isa = PBXFileReference; fileEncoding = 4; lastKnownFileType = sourcecode.swift; path = CollectionBaseCell.swift; sourceTree = "<group>"; };
		7F8B280C24D40D0900BBDEE0 /* CollectionNormalCell.xib */ = {isa = PBXFileReference; fileEncoding = 4; lastKnownFileType = file.xib; path = CollectionNormalCell.xib; sourceTree = "<group>"; };
		7F8B281224D40D4100BBDEE0 /* RecommendViewController.swift */ = {isa = PBXFileReference; lastKnownFileType = sourcecode.swift; path = RecommendViewController.swift; sourceTree = "<group>"; };
		7F8B281424D40D4F00BBDEE0 /* GameViewController.swift */ = {isa = PBXFileReference; lastKnownFileType = sourcecode.swift; path = GameViewController.swift; sourceTree = "<group>"; };
		7F8B281624D40D5C00BBDEE0 /* AmuseViewController.swift */ = {isa = PBXFileReference; lastKnownFileType = sourcecode.swift; path = AmuseViewController.swift; sourceTree = "<group>"; };
		7F8B281824D40D6D00BBDEE0 /* FunnyViewController.swift */ = {isa = PBXFileReference; lastKnownFileType = sourcecode.swift; path = FunnyViewController.swift; sourceTree = "<group>"; };
		7F8B281B24D40E8800BBDEE0 /* AnchorGroup.swift */ = {isa = PBXFileReference; fileEncoding = 4; lastKnownFileType = sourcecode.swift; path = AnchorGroup.swift; sourceTree = "<group>"; };
		7F8B281C24D40E8800BBDEE0 /* AnchorModel.swift */ = {isa = PBXFileReference; fileEncoding = 4; lastKnownFileType = sourcecode.swift; path = AnchorModel.swift; sourceTree = "<group>"; };
		7F8B281D24D40E8800BBDEE0 /* BaseGameModel.swift */ = {isa = PBXFileReference; fileEncoding = 4; lastKnownFileType = sourcecode.swift; path = BaseGameModel.swift; sourceTree = "<group>"; };
		95BC19EF505E4476728F37EC /* Pods-LXDYTests.release.xcconfig */ = {isa = PBXFileReference; includeInIndex = 1; lastKnownFileType = text.xcconfig; name = "Pods-LXDYTests.release.xcconfig"; path = "Target Support Files/Pods-LXDYTests/Pods-LXDYTests.release.xcconfig"; sourceTree = "<group>"; };
		98BAE7290F806C748733B9C6 /* Pods-LXDYTests.debug.xcconfig */ = {isa = PBXFileReference; includeInIndex = 1; lastKnownFileType = text.xcconfig; name = "Pods-LXDYTests.debug.xcconfig"; path = "Target Support Files/Pods-LXDYTests/Pods-LXDYTests.debug.xcconfig"; sourceTree = "<group>"; };
		C84EE6DDD77452C69A1594AD /* Pods-LXDYUITests.release.xcconfig */ = {isa = PBXFileReference; includeInIndex = 1; lastKnownFileType = text.xcconfig; name = "Pods-LXDYUITests.release.xcconfig"; path = "Target Support Files/Pods-LXDYUITests/Pods-LXDYUITests.release.xcconfig"; sourceTree = "<group>"; };
		CDCB27F0D4DA29EC8F537380 /* Pods_LXDYUITests.framework */ = {isa = PBXFileReference; explicitFileType = wrapper.framework; includeInIndex = 0; path = Pods_LXDYUITests.framework; sourceTree = BUILT_PRODUCTS_DIR; };
		F70DDB1754477BBCA0B9ACC9 /* Pods_LXDYTests.framework */ = {isa = PBXFileReference; explicitFileType = wrapper.framework; includeInIndex = 0; path = Pods_LXDYTests.framework; sourceTree = BUILT_PRODUCTS_DIR; };
/* End PBXFileReference section */

/* Begin PBXFrameworksBuildPhase section */
		7F8B278B24D2B9D400BBDEE0 /* Frameworks */ = {
			isa = PBXFrameworksBuildPhase;
			buildActionMask = 2147483647;
			files = (
				52B0799EFBC96A5EF03DA1A3 /* Pods_LXDY.framework in Frameworks */,
			);
			runOnlyForDeploymentPostprocessing = 0;
		};
		7F8B27A124D2B9D700BBDEE0 /* Frameworks */ = {
			isa = PBXFrameworksBuildPhase;
			buildActionMask = 2147483647;
			files = (
				E010E8797F2E5C47A24E179D /* Pods_LXDYTests.framework in Frameworks */,
			);
			runOnlyForDeploymentPostprocessing = 0;
		};
		7F8B27AC24D2B9D700BBDEE0 /* Frameworks */ = {
			isa = PBXFrameworksBuildPhase;
			buildActionMask = 2147483647;
			files = (
				83A9B7CB7F63E4CF94327326 /* Pods_LXDYUITests.framework in Frameworks */,
			);
			runOnlyForDeploymentPostprocessing = 0;
		};
/* End PBXFrameworksBuildPhase section */

/* Begin PBXGroup section */
		001D9CCF85E977DFC8F1FD76 /* Frameworks */ = {
			isa = PBXGroup;
			children = (
				652716D438E069E136DC2E89 /* Pods_LXDY.framework */,
				F70DDB1754477BBCA0B9ACC9 /* Pods_LXDYTests.framework */,
				CDCB27F0D4DA29EC8F537380 /* Pods_LXDYUITests.framework */,
			);
			name = Frameworks;
			sourceTree = "<group>";
		};
		0B2D13D572193CD83392B17D /* Pods */ = {
			isa = PBXGroup;
			children = (
				197ED7CD3E404605DE757833 /* Pods-LXDY.debug.xcconfig */,
				68639F7AB57E2E73C23CFAA4 /* Pods-LXDY.release.xcconfig */,
				98BAE7290F806C748733B9C6 /* Pods-LXDYTests.debug.xcconfig */,
				95BC19EF505E4476728F37EC /* Pods-LXDYTests.release.xcconfig */,
				5CA4345E05A77FEF37767F74 /* Pods-LXDYUITests.debug.xcconfig */,
				C84EE6DDD77452C69A1594AD /* Pods-LXDYUITests.release.xcconfig */,
			);
			path = Pods;
			sourceTree = "<group>";
		};
		7F8B278524D2B9D400BBDEE0 = {
			isa = PBXGroup;
			children = (
				7F8B279024D2B9D400BBDEE0 /* LXDY */,
				7F8B27A724D2B9D700BBDEE0 /* LXDYTests */,
				7F8B27B224D2B9D700BBDEE0 /* LXDYUITests */,
				7F8B278F24D2B9D400BBDEE0 /* Products */,
				0B2D13D572193CD83392B17D /* Pods */,
				001D9CCF85E977DFC8F1FD76 /* Frameworks */,
			);
			sourceTree = "<group>";
		};
		7F8B278F24D2B9D400BBDEE0 /* Products */ = {
			isa = PBXGroup;
			children = (
				7F8B278E24D2B9D400BBDEE0 /* LXDY.app */,
				7F8B27A424D2B9D700BBDEE0 /* LXDYTests.xctest */,
				7F8B27AF24D2B9D700BBDEE0 /* LXDYUITests.xctest */,
			);
			name = Products;
			sourceTree = "<group>";
		};
		7F8B279024D2B9D400BBDEE0 /* LXDY */ = {
			isa = PBXGroup;
			children = (
				7F8B27C124D2C1FE00BBDEE0 /* Classes */,
				7F8B279124D2B9D400BBDEE0 /* AppDelegate.swift */,
				7F8B279A24D2B9D700BBDEE0 /* Assets.xcassets */,
				7F8B279C24D2B9D700BBDEE0 /* LaunchScreen.storyboard */,
				7F8B279F24D2B9D700BBDEE0 /* Info.plist */,
			);
			path = LXDY;
			sourceTree = "<group>";
		};
		7F8B27A724D2B9D700BBDEE0 /* LXDYTests */ = {
			isa = PBXGroup;
			children = (
				7F8B27A824D2B9D700BBDEE0 /* LXDYTests.swift */,
				7F8B27AA24D2B9D700BBDEE0 /* Info.plist */,
			);
			path = LXDYTests;
			sourceTree = "<group>";
		};
		7F8B27B224D2B9D700BBDEE0 /* LXDYUITests */ = {
			isa = PBXGroup;
			children = (
				7F8B27B324D2B9D700BBDEE0 /* LXDYUITests.swift */,
				7F8B27B524D2B9D700BBDEE0 /* Info.plist */,
			);
			path = LXDYUITests;
			sourceTree = "<group>";
		};
		7F8B27C124D2C1FE00BBDEE0 /* Classes */ = {
			isa = PBXGroup;
			children = (
				7F8B27D524D39E2C00BBDEE0 /* Base */,
				7F8B27C824D2C1FE00BBDEE0 /* Main */,
				7F8B27C424D2C1FE00BBDEE0 /* Room */,
				7F8B27C224D2C1FE00BBDEE0 /* Home */,
				7F8B27C724D2C1FE00BBDEE0 /* Live */,
				7F8B27C524D2C1FE00BBDEE0 /* Follow */,
				7F8B27C624D2C1FE00BBDEE0 /* Profile */,
				7F8B27C324D2C1FE00BBDEE0 /* Tools */,
			);
			path = Classes;
			sourceTree = "<group>";
		};
		7F8B27C224D2C1FE00BBDEE0 /* Home */ = {
			isa = PBXGroup;
			children = (
				7F8B27CF24D39D7200BBDEE0 /* HomeViewController.swift */,
				7F8B281224D40D4100BBDEE0 /* RecommendViewController.swift */,
				7F8B281424D40D4F00BBDEE0 /* GameViewController.swift */,
				7F8B281624D40D5C00BBDEE0 /* AmuseViewController.swift */,
				7F8B281824D40D6D00BBDEE0 /* FunnyViewController.swift */,
			);
			path = Home;
			sourceTree = "<group>";
		};
		7F8B27C324D2C1FE00BBDEE0 /* Tools */ = {
			isa = PBXGroup;
			children = (
			);
			path = Tools;
			sourceTree = "<group>";
		};
		7F8B27C424D2C1FE00BBDEE0 /* Room */ = {
			isa = PBXGroup;
			children = (
				7F8B27D324D39D9600BBDEE0 /* RoomViewController.swift */,
			);
			path = Room;
			sourceTree = "<group>";
		};
		7F8B27C524D2C1FE00BBDEE0 /* Follow */ = {
			isa = PBXGroup;
			children = (
				7F8B27FB24D3ACC600BBDEE0 /* FollowViewController.swift */,
			);
			path = Follow;
			sourceTree = "<group>";
		};
		7F8B27C624D2C1FE00BBDEE0 /* Profile */ = {
			isa = PBXGroup;
			children = (
				7F8B27FD24D3ACDA00BBDEE0 /* ProfileViewController.swift */,
			);
			path = Profile;
			sourceTree = "<group>";
		};
		7F8B27C724D2C1FE00BBDEE0 /* Live */ = {
			isa = PBXGroup;
			children = (
				7F8B27D124D39D8100BBDEE0 /* LiveViewController.swift */,
			);
			path = Live;
			sourceTree = "<group>";
		};
		7F8B27C824D2C1FE00BBDEE0 /* Main */ = {
			isa = PBXGroup;
			children = (
				7F8B27CB24D2C55800BBDEE0 /* Controller */,
				7F8B27C924D2C55800BBDEE0 /* Model */,
				7F8B27CA24D2C55800BBDEE0 /* View */,
				7F8B27CC24D2C55800BBDEE0 /* ViewModel */,
			);
			path = Main;
			sourceTree = "<group>";
		};
		7F8B27C924D2C55800BBDEE0 /* Model */ = {
			isa = PBXGroup;
			children = (
			);
			path = Model;
			sourceTree = "<group>";
		};
		7F8B27CA24D2C55800BBDEE0 /* View */ = {
			isa = PBXGroup;
			children = (
			);
			path = View;
			sourceTree = "<group>";
		};
		7F8B27CB24D2C55800BBDEE0 /* Controller */ = {
			isa = PBXGroup;
			children = (
				7F8B279724D2B9D400BBDEE0 /* Main.storyboard */,
				7F8B27CD24D39D5D00BBDEE0 /* MainViewController.swift */,
			);
			path = Controller;
			sourceTree = "<group>";
		};
		7F8B27CC24D2C55800BBDEE0 /* ViewModel */ = {
			isa = PBXGroup;
			children = (
			);
			path = ViewModel;
			sourceTree = "<group>";
		};
		7F8B27D524D39E2C00BBDEE0 /* Base */ = {
			isa = PBXGroup;
			children = (
				7F8B281A24D40E7200BBDEE0 /* Model */,
				7F8B280324D3EE1100BBDEE0 /* View */,
				7F8B27E124D3A32800BBDEE0 /* Common */,
				7F8B27E724D3A32800BBDEE0 /* Extensions */,
				7F8B27D624D39E3500BBDEE0 /* Controller */,
			);
			path = Base;
			sourceTree = "<group>";
		};
		7F8B27D624D39E3500BBDEE0 /* Controller */ = {
			isa = PBXGroup;
			children = (
				7F8B27D724D39EA400BBDEE0 /* LXBaseTabBarController.swift */,
			);
			path = Controller;
			sourceTree = "<group>";
		};
		7F8B27E124D3A32800BBDEE0 /* Common */ = {
			isa = PBXGroup;
			children = (
				7F8B27E224D3A32800BBDEE0 /* LXNotifion.swift */,
				7F8B27E324D3A32800BBDEE0 /* NetworkTool.swift */,
				7F8B27E424D3A32800BBDEE0 /* NormalColor.swift */,
				7F8B27E524D3A32800BBDEE0 /* Macro.swift */,
				7F8B27E624D3A32800BBDEE0 /* hud */,
			);
			path = Common;
			sourceTree = "<group>";
		};
		7F8B27E624D3A32800BBDEE0 /* hud */ = {
			isa = PBXGroup;
			children = (
			);
			path = hud;
			sourceTree = "<group>";
		};
		7F8B27E724D3A32800BBDEE0 /* Extensions */ = {
			isa = PBXGroup;
			children = (
				7F8B27E824D3A32800BBDEE0 /* LXViewNormalSet.swift */,
				7F8B27E924D3A32800BBDEE0 /* LXString.swift */,
				7F8B27EA24D3A32800BBDEE0 /* LXBtnNormalSet.swift */,
				7F8B27EB24D3A32800BBDEE0 /* LXFrame.swift */,
				7F8B27EC24D3A32800BBDEE0 /* LXBaseLabel.swift */,
				7F8B280124D3B43500BBDEE0 /* UITabBarItem_extension.swift */,
			);
			path = Extensions;
			sourceTree = "<group>";
		};
		7F8B280324D3EE1100BBDEE0 /* View */ = {
			isa = PBXGroup;
			children = (
				7F8B280B24D40D0900BBDEE0 /* CollectionBaseCell.swift */,
				7F8B280A24D40D0900BBDEE0 /* CollectionNormalCell.swift */,
				7F8B280C24D40D0900BBDEE0 /* CollectionNormalCell.xib */,
				7F8B280924D40D0900BBDEE0 /* CollectionPrettyCell.swift */,
				7F8B280824D40D0800BBDEE0 /* CollectionPrettyCell.xib */,
				7F8B280424D3EE2400BBDEE0 /* PageContentView.swift */,
				7F8B280524D3EE2400BBDEE0 /* PageTitleView.swift */,
			);
			path = View;
			sourceTree = "<group>";
		};
		7F8B281A24D40E7200BBDEE0 /* Model */ = {
			isa = PBXGroup;
			children = (
				7F8B281B24D40E8800BBDEE0 /* AnchorGroup.swift */,
				7F8B281C24D40E8800BBDEE0 /* AnchorModel.swift */,
				7F8B281D24D40E8800BBDEE0 /* BaseGameModel.swift */,
			);
			path = Model;
			sourceTree = "<group>";
		};
/* End PBXGroup section */

/* Begin PBXNativeTarget section */
		7F8B278D24D2B9D400BBDEE0 /* LXDY */ = {
			isa = PBXNativeTarget;
			buildConfigurationList = 7F8B27B824D2B9D700BBDEE0 /* Build configuration list for PBXNativeTarget "LXDY" */;
			buildPhases = (
				AC9D37954DFAF1DA7C3840BE /* [CP] Check Pods Manifest.lock */,
				7F8B278A24D2B9D400BBDEE0 /* Sources */,
				7F8B278B24D2B9D400BBDEE0 /* Frameworks */,
				7F8B278C24D2B9D400BBDEE0 /* Resources */,
				DCCB8CE37AB1839F1B3EF7CC /* [CP] Embed Pods Frameworks */,
			);
			buildRules = (
			);
			dependencies = (
			);
			name = LXDY;
			productName = LXDY;
			productReference = 7F8B278E24D2B9D400BBDEE0 /* LXDY.app */;
			productType = "com.apple.product-type.application";
		};
		7F8B27A324D2B9D700BBDEE0 /* LXDYTests */ = {
			isa = PBXNativeTarget;
			buildConfigurationList = 7F8B27BB24D2B9D700BBDEE0 /* Build configuration list for PBXNativeTarget "LXDYTests" */;
			buildPhases = (
				9FEE7C69845C97448E2046C9 /* [CP] Check Pods Manifest.lock */,
				7F8B27A024D2B9D700BBDEE0 /* Sources */,
				7F8B27A124D2B9D700BBDEE0 /* Frameworks */,
				7F8B27A224D2B9D700BBDEE0 /* Resources */,
			);
			buildRules = (
			);
			dependencies = (
				7F8B27A624D2B9D700BBDEE0 /* PBXTargetDependency */,
			);
			name = LXDYTests;
			productName = LXDYTests;
			productReference = 7F8B27A424D2B9D700BBDEE0 /* LXDYTests.xctest */;
			productType = "com.apple.product-type.bundle.unit-test";
		};
		7F8B27AE24D2B9D700BBDEE0 /* LXDYUITests */ = {
			isa = PBXNativeTarget;
			buildConfigurationList = 7F8B27BE24D2B9D700BBDEE0 /* Build configuration list for PBXNativeTarget "LXDYUITests" */;
			buildPhases = (
				08D1DEE8E33C7EDE12155BD7 /* [CP] Check Pods Manifest.lock */,
				7F8B27AB24D2B9D700BBDEE0 /* Sources */,
				7F8B27AC24D2B9D700BBDEE0 /* Frameworks */,
				7F8B27AD24D2B9D700BBDEE0 /* Resources */,
			);
			buildRules = (
			);
			dependencies = (
				7F8B27B124D2B9D700BBDEE0 /* PBXTargetDependency */,
			);
			name = LXDYUITests;
			productName = LXDYUITests;
			productReference = 7F8B27AF24D2B9D700BBDEE0 /* LXDYUITests.xctest */;
			productType = "com.apple.product-type.bundle.ui-testing";
		};
/* End PBXNativeTarget section */

/* Begin PBXProject section */
		7F8B278624D2B9D400BBDEE0 /* Project object */ = {
			isa = PBXProject;
			attributes = {
				CLASSPREFIX = LX;
				LastSwiftUpdateCheck = 1110;
				LastUpgradeCheck = 1110;
				ORGANIZATIONNAME = "康健科技";
				TargetAttributes = {
					7F8B278D24D2B9D400BBDEE0 = {
						CreatedOnToolsVersion = 11.1;
					};
					7F8B27A324D2B9D700BBDEE0 = {
						CreatedOnToolsVersion = 11.1;
						TestTargetID = 7F8B278D24D2B9D400BBDEE0;
					};
					7F8B27AE24D2B9D700BBDEE0 = {
						CreatedOnToolsVersion = 11.1;
						TestTargetID = 7F8B278D24D2B9D400BBDEE0;
					};
				};
			};
			buildConfigurationList = 7F8B278924D2B9D400BBDEE0 /* Build configuration list for PBXProject "LXDY" */;
			compatibilityVersion = "Xcode 9.3";
			developmentRegion = en;
			hasScannedForEncodings = 0;
			knownRegions = (
				en,
				Base,
			);
			mainGroup = 7F8B278524D2B9D400BBDEE0;
			productRefGroup = 7F8B278F24D2B9D400BBDEE0 /* Products */;
			projectDirPath = "";
			projectRoot = "";
			targets = (
				7F8B278D24D2B9D400BBDEE0 /* LXDY */,
				7F8B27A324D2B9D700BBDEE0 /* LXDYTests */,
				7F8B27AE24D2B9D700BBDEE0 /* LXDYUITests */,
			);
		};
/* End PBXProject section */

/* Begin PBXResourcesBuildPhase section */
		7F8B278C24D2B9D400BBDEE0 /* Resources */ = {
			isa = PBXResourcesBuildPhase;
			buildActionMask = 2147483647;
			files = (
				7F8B279E24D2B9D700BBDEE0 /* LaunchScreen.storyboard in Resources */,
				7F8B280D24D40D0900BBDEE0 /* CollectionPrettyCell.xib in Resources */,
				7F8B281124D40D0900BBDEE0 /* CollectionNormalCell.xib in Resources */,
				7F8B279B24D2B9D700BBDEE0 /* Assets.xcassets in Resources */,
				7F8B279924D2B9D400BBDEE0 /* Main.storyboard in Resources */,
			);
			runOnlyForDeploymentPostprocessing = 0;
		};
		7F8B27A224D2B9D700BBDEE0 /* Resources */ = {
			isa = PBXResourcesBuildPhase;
			buildActionMask = 2147483647;
			files = (
			);
			runOnlyForDeploymentPostprocessing = 0;
		};
		7F8B27AD24D2B9D700BBDEE0 /* Resources */ = {
			isa = PBXResourcesBuildPhase;
			buildActionMask = 2147483647;
			files = (
			);
			runOnlyForDeploymentPostprocessing = 0;
		};
/* End PBXResourcesBuildPhase section */

/* Begin PBXShellScriptBuildPhase section */
		08D1DEE8E33C7EDE12155BD7 /* [CP] Check Pods Manifest.lock */ = {
			isa = PBXShellScriptBuildPhase;
			buildActionMask = 2147483647;
			files = (
			);
			inputFileListPaths = (
			);
			inputPaths = (
				"${PODS_PODFILE_DIR_PATH}/Podfile.lock",
				"${PODS_ROOT}/Manifest.lock",
			);
			name = "[CP] Check Pods Manifest.lock";
			outputFileListPaths = (
			);
			outputPaths = (
				"$(DERIVED_FILE_DIR)/Pods-LXDYUITests-checkManifestLockResult.txt",
			);
			runOnlyForDeploymentPostprocessing = 0;
			shellPath = /bin/sh;
			shellScript = "diff \"${PODS_PODFILE_DIR_PATH}/Podfile.lock\" \"${PODS_ROOT}/Manifest.lock\" > /dev/null\nif [ $? != 0 ] ; then\n    # print error to STDERR\n    echo \"error: The sandbox is not in sync with the Podfile.lock. Run 'pod install' or update your CocoaPods installation.\" >&2\n    exit 1\nfi\n# This output is used by Xcode 'outputs' to avoid re-running this script phase.\necho \"SUCCESS\" > \"${SCRIPT_OUTPUT_FILE_0}\"\n";
			showEnvVarsInLog = 0;
		};
		9FEE7C69845C97448E2046C9 /* [CP] Check Pods Manifest.lock */ = {
			isa = PBXShellScriptBuildPhase;
			buildActionMask = 2147483647;
			files = (
			);
			inputFileListPaths = (
			);
			inputPaths = (
				"${PODS_PODFILE_DIR_PATH}/Podfile.lock",
				"${PODS_ROOT}/Manifest.lock",
			);
			name = "[CP] Check Pods Manifest.lock";
			outputFileListPaths = (
			);
			outputPaths = (
				"$(DERIVED_FILE_DIR)/Pods-LXDYTests-checkManifestLockResult.txt",
			);
			runOnlyForDeploymentPostprocessing = 0;
			shellPath = /bin/sh;
			shellScript = "diff \"${PODS_PODFILE_DIR_PATH}/Podfile.lock\" \"${PODS_ROOT}/Manifest.lock\" > /dev/null\nif [ $? != 0 ] ; then\n    # print error to STDERR\n    echo \"error: The sandbox is not in sync with the Podfile.lock. Run 'pod install' or update your CocoaPods installation.\" >&2\n    exit 1\nfi\n# This output is used by Xcode 'outputs' to avoid re-running this script phase.\necho \"SUCCESS\" > \"${SCRIPT_OUTPUT_FILE_0}\"\n";
			showEnvVarsInLog = 0;
		};
		AC9D37954DFAF1DA7C3840BE /* [CP] Check Pods Manifest.lock */ = {
			isa = PBXShellScriptBuildPhase;
			buildActionMask = 2147483647;
			files = (
			);
			inputFileListPaths = (
			);
			inputPaths = (
				"${PODS_PODFILE_DIR_PATH}/Podfile.lock",
				"${PODS_ROOT}/Manifest.lock",
			);
			name = "[CP] Check Pods Manifest.lock";
			outputFileListPaths = (
			);
			outputPaths = (
				"$(DERIVED_FILE_DIR)/Pods-LXDY-checkManifestLockResult.txt",
			);
			runOnlyForDeploymentPostprocessing = 0;
			shellPath = /bin/sh;
			shellScript = "diff \"${PODS_PODFILE_DIR_PATH}/Podfile.lock\" \"${PODS_ROOT}/Manifest.lock\" > /dev/null\nif [ $? != 0 ] ; then\n    # print error to STDERR\n    echo \"error: The sandbox is not in sync with the Podfile.lock. Run 'pod install' or update your CocoaPods installation.\" >&2\n    exit 1\nfi\n# This output is used by Xcode 'outputs' to avoid re-running this script phase.\necho \"SUCCESS\" > \"${SCRIPT_OUTPUT_FILE_0}\"\n";
			showEnvVarsInLog = 0;
		};
		DCCB8CE37AB1839F1B3EF7CC /* [CP] Embed Pods Frameworks */ = {
			isa = PBXShellScriptBuildPhase;
			buildActionMask = 2147483647;
			files = (
			);
			inputFileListPaths = (
				"${PODS_ROOT}/Target Support Files/Pods-LXDY/Pods-LXDY-frameworks-${CONFIGURATION}-input-files.xcfilelist",
			);
			name = "[CP] Embed Pods Frameworks";
			outputFileListPaths = (
				"${PODS_ROOT}/Target Support Files/Pods-LXDY/Pods-LXDY-frameworks-${CONFIGURATION}-output-files.xcfilelist",
			);
			runOnlyForDeploymentPostprocessing = 0;
			shellPath = /bin/sh;
			shellScript = "\"${PODS_ROOT}/Target Support Files/Pods-LXDY/Pods-LXDY-frameworks.sh\"\n";
			showEnvVarsInLog = 0;
		};
/* End PBXShellScriptBuildPhase section */

/* Begin PBXSourcesBuildPhase section */
		7F8B278A24D2B9D400BBDEE0 /* Sources */ = {
			isa = PBXSourcesBuildPhase;
			buildActionMask = 2147483647;
			files = (
				7F8B27D024D39D7200BBDEE0 /* HomeViewController.swift in Sources */,
				7F8B27F524D3A32800BBDEE0 /* Macro.swift in Sources */,
				7F8B27F224D3A32800BBDEE0 /* LXNotifion.swift in Sources */,
				7F8B27F424D3A32800BBDEE0 /* NormalColor.swift in Sources */,
				7F8B27F324D3A32800BBDEE0 /* NetworkTool.swift in Sources */,
				7F8B281524D40D4F00BBDEE0 /* GameViewController.swift in Sources */,
				7F8B27D424D39D9600BBDEE0 /* RoomViewController.swift in Sources */,
				7F8B280E24D40D0900BBDEE0 /* CollectionPrettyCell.swift in Sources */,
				7F8B281724D40D5C00BBDEE0 /* AmuseViewController.swift in Sources */,
				7F8B27F824D3A32800BBDEE0 /* LXBtnNormalSet.swift in Sources */,
				7F8B280624D3EE2400BBDEE0 /* PageContentView.swift in Sources */,
				7F8B27FE24D3ACDA00BBDEE0 /* ProfileViewController.swift in Sources */,
				7F8B27D824D39EA400BBDEE0 /* LXBaseTabBarController.swift in Sources */,
				7F8B279224D2B9D400BBDEE0 /* AppDelegate.swift in Sources */,
				7F8B281924D40D6D00BBDEE0 /* FunnyViewController.swift in Sources */,
				7F8B27F724D3A32800BBDEE0 /* LXString.swift in Sources */,
				7F8B281F24D40E8800BBDEE0 /* AnchorModel.swift in Sources */,
				7F8B280724D3EE2400BBDEE0 /* PageTitleView.swift in Sources */,
				7F8B27FA24D3A32800BBDEE0 /* LXBaseLabel.swift in Sources */,
				7F8B27D224D39D8100BBDEE0 /* LiveViewController.swift in Sources */,
				7F8B27CE24D39D5D00BBDEE0 /* MainViewController.swift in Sources */,
				7F8B281324D40D4100BBDEE0 /* RecommendViewController.swift in Sources */,
				7F8B281024D40D0900BBDEE0 /* CollectionBaseCell.swift in Sources */,
				7F8B27FC24D3ACC600BBDEE0 /* FollowViewController.swift in Sources */,
				7F8B282024D40E8800BBDEE0 /* BaseGameModel.swift in Sources */,
				7F8B280224D3B43500BBDEE0 /* UITabBarItem_extension.swift in Sources */,
				7F8B281E24D40E8800BBDEE0 /* AnchorGroup.swift in Sources */,
				7F8B27F924D3A32800BBDEE0 /* LXFrame.swift in Sources */,
				7F8B280F24D40D0900BBDEE0 /* CollectionNormalCell.swift in Sources */,
				7F8B27F624D3A32800BBDEE0 /* LXViewNormalSet.swift in Sources */,
			);
			runOnlyForDeploymentPostprocessing = 0;
		};
		7F8B27A024D2B9D700BBDEE0 /* Sources */ = {
			isa = PBXSourcesBuildPhase;
			buildActionMask = 2147483647;
			files = (
				7F8B27A924D2B9D700BBDEE0 /* LXDYTests.swift in Sources */,
			);
			runOnlyForDeploymentPostprocessing = 0;
		};
		7F8B27AB24D2B9D700BBDEE0 /* Sources */ = {
			isa = PBXSourcesBuildPhase;
			buildActionMask = 2147483647;
			files = (
				7F8B27B424D2B9D700BBDEE0 /* LXDYUITests.swift in Sources */,
			);
			runOnlyForDeploymentPostprocessing = 0;
		};
/* End PBXSourcesBuildPhase section */

/* Begin PBXTargetDependency section */
		7F8B27A624D2B9D700BBDEE0 /* PBXTargetDependency */ = {
			isa = PBXTargetDependency;
			target = 7F8B278D24D2B9D400BBDEE0 /* LXDY */;
			targetProxy = 7F8B27A524D2B9D700BBDEE0 /* PBXContainerItemProxy */;
		};
		7F8B27B124D2B9D700BBDEE0 /* PBXTargetDependency */ = {
			isa = PBXTargetDependency;
			target = 7F8B278D24D2B9D400BBDEE0 /* LXDY */;
			targetProxy = 7F8B27B024D2B9D700BBDEE0 /* PBXContainerItemProxy */;
		};
/* End PBXTargetDependency section */

/* Begin PBXVariantGroup section */
		7F8B279724D2B9D400BBDEE0 /* Main.storyboard */ = {
			isa = PBXVariantGroup;
			children = (
				7F8B279824D2B9D400BBDEE0 /* Base */,
			);
			name = Main.storyboard;
			sourceTree = "<group>";
		};
		7F8B279C24D2B9D700BBDEE0 /* LaunchScreen.storyboard */ = {
			isa = PBXVariantGroup;
			children = (
				7F8B279D24D2B9D700BBDEE0 /* Base */,
			);
			name = LaunchScreen.storyboard;
			sourceTree = "<group>";
		};
/* End PBXVariantGroup section */

/* Begin XCBuildConfiguration section */
		7F8B27B624D2B9D700BBDEE0 /* Debug */ = {
			isa = XCBuildConfiguration;
			buildSettings = {
				ALWAYS_SEARCH_USER_PATHS = NO;
				CLANG_ANALYZER_NONNULL = YES;
				CLANG_ANALYZER_NUMBER_OBJECT_CONVERSION = YES_AGGRESSIVE;
				CLANG_CXX_LANGUAGE_STANDARD = "gnu++14";
				CLANG_CXX_LIBRARY = "libc++";
				CLANG_ENABLE_MODULES = YES;
				CLANG_ENABLE_OBJC_ARC = YES;
				CLANG_ENABLE_OBJC_WEAK = YES;
				CLANG_WARN_BLOCK_CAPTURE_AUTORELEASING = YES;
				CLANG_WARN_BOOL_CONVERSION = YES;
				CLANG_WARN_COMMA = YES;
				CLANG_WARN_CONSTANT_CONVERSION = YES;
				CLANG_WARN_DEPRECATED_OBJC_IMPLEMENTATIONS = YES;
				CLANG_WARN_DIRECT_OBJC_ISA_USAGE = YES_ERROR;
				CLANG_WARN_DOCUMENTATION_COMMENTS = YES;
				CLANG_WARN_EMPTY_BODY = YES;
				CLANG_WARN_ENUM_CONVERSION = YES;
				CLANG_WARN_INFINITE_RECURSION = YES;
				CLANG_WARN_INT_CONVERSION = YES;
				CLANG_WARN_NON_LITERAL_NULL_CONVERSION = YES;
				CLANG_WARN_OBJC_IMPLICIT_RETAIN_SELF = YES;
				CLANG_WARN_OBJC_LITERAL_CONVERSION = YES;
				CLANG_WARN_OBJC_ROOT_CLASS = YES_ERROR;
				CLANG_WARN_RANGE_LOOP_ANALYSIS = YES;
				CLANG_WARN_STRICT_PROTOTYPES = YES;
				CLANG_WARN_SUSPICIOUS_MOVE = YES;
				CLANG_WARN_UNGUARDED_AVAILABILITY = YES_AGGRESSIVE;
				CLANG_WARN_UNREACHABLE_CODE = YES;
				CLANG_WARN__DUPLICATE_METHOD_MATCH = YES;
				COPY_PHASE_STRIP = NO;
				DEBUG_INFORMATION_FORMAT = dwarf;
				ENABLE_STRICT_OBJC_MSGSEND = YES;
				ENABLE_TESTABILITY = YES;
				GCC_C_LANGUAGE_STANDARD = gnu11;
				GCC_DYNAMIC_NO_PIC = NO;
				GCC_NO_COMMON_BLOCKS = YES;
				GCC_OPTIMIZATION_LEVEL = 0;
				GCC_PREPROCESSOR_DEFINITIONS = (
					"DEBUG=1",
					"$(inherited)",
				);
				GCC_WARN_64_TO_32_BIT_CONVERSION = YES;
				GCC_WARN_ABOUT_RETURN_TYPE = YES_ERROR;
				GCC_WARN_UNDECLARED_SELECTOR = YES;
				GCC_WARN_UNINITIALIZED_AUTOS = YES_AGGRESSIVE;
				GCC_WARN_UNUSED_FUNCTION = YES;
				GCC_WARN_UNUSED_VARIABLE = YES;
				IPHONEOS_DEPLOYMENT_TARGET = 13.1;
				MTL_ENABLE_DEBUG_INFO = INCLUDE_SOURCE;
				MTL_FAST_MATH = YES;
				ONLY_ACTIVE_ARCH = YES;
				SDKROOT = iphoneos;
				SWIFT_ACTIVE_COMPILATION_CONDITIONS = DEBUG;
				SWIFT_OPTIMIZATION_LEVEL = "-Onone";
			};
			name = Debug;
		};
		7F8B27B724D2B9D700BBDEE0 /* Release */ = {
			isa = XCBuildConfiguration;
			buildSettings = {
				ALWAYS_SEARCH_USER_PATHS = NO;
				CLANG_ANALYZER_NONNULL = YES;
				CLANG_ANALYZER_NUMBER_OBJECT_CONVERSION = YES_AGGRESSIVE;
				CLANG_CXX_LANGUAGE_STANDARD = "gnu++14";
				CLANG_CXX_LIBRARY = "libc++";
				CLANG_ENABLE_MODULES = YES;
				CLANG_ENABLE_OBJC_ARC = YES;
				CLANG_ENABLE_OBJC_WEAK = YES;
				CLANG_WARN_BLOCK_CAPTURE_AUTORELEASING = YES;
				CLANG_WARN_BOOL_CONVERSION = YES;
				CLANG_WARN_COMMA = YES;
				CLANG_WARN_CONSTANT_CONVERSION = YES;
				CLANG_WARN_DEPRECATED_OBJC_IMPLEMENTATIONS = YES;
				CLANG_WARN_DIRECT_OBJC_ISA_USAGE = YES_ERROR;
				CLANG_WARN_DOCUMENTATION_COMMENTS = YES;
				CLANG_WARN_EMPTY_BODY = YES;
				CLANG_WARN_ENUM_CONVERSION = YES;
				CLANG_WARN_INFINITE_RECURSION = YES;
				CLANG_WARN_INT_CONVERSION = YES;
				CLANG_WARN_NON_LITERAL_NULL_CONVERSION = YES;
				CLANG_WARN_OBJC_IMPLICIT_RETAIN_SELF = YES;
				CLANG_WARN_OBJC_LITERAL_CONVERSION = YES;
				CLANG_WARN_OBJC_ROOT_CLASS = YES_ERROR;
				CLANG_WARN_RANGE_LOOP_ANALYSIS = YES;
				CLANG_WARN_STRICT_PROTOTYPES = YES;
				CLANG_WARN_SUSPICIOUS_MOVE = YES;
				CLANG_WARN_UNGUARDED_AVAILABILITY = YES_AGGRESSIVE;
				CLANG_WARN_UNREACHABLE_CODE = YES;
				CLANG_WARN__DUPLICATE_METHOD_MATCH = YES;
				COPY_PHASE_STRIP = NO;
				DEBUG_INFORMATION_FORMAT = "dwarf-with-dsym";
				ENABLE_NS_ASSERTIONS = NO;
				ENABLE_STRICT_OBJC_MSGSEND = YES;
				GCC_C_LANGUAGE_STANDARD = gnu11;
				GCC_NO_COMMON_BLOCKS = YES;
				GCC_WARN_64_TO_32_BIT_CONVERSION = YES;
				GCC_WARN_ABOUT_RETURN_TYPE = YES_ERROR;
				GCC_WARN_UNDECLARED_SELECTOR = YES;
				GCC_WARN_UNINITIALIZED_AUTOS = YES_AGGRESSIVE;
				GCC_WARN_UNUSED_FUNCTION = YES;
				GCC_WARN_UNUSED_VARIABLE = YES;
				IPHONEOS_DEPLOYMENT_TARGET = 13.1;
				MTL_ENABLE_DEBUG_INFO = NO;
				MTL_FAST_MATH = YES;
				SDKROOT = iphoneos;
				SWIFT_COMPILATION_MODE = wholemodule;
				SWIFT_OPTIMIZATION_LEVEL = "-O";
				VALIDATE_PRODUCT = YES;
			};
			name = Release;
		};
		7F8B27B924D2B9D700BBDEE0 /* Debug */ = {
			isa = XCBuildConfiguration;
			baseConfigurationReference = 197ED7CD3E404605DE757833 /* Pods-LXDY.debug.xcconfig */;
			buildSettings = {
				ASSETCATALOG_COMPILER_APPICON_NAME = AppIcon;
				CODE_SIGN_STYLE = Automatic;
				INFOPLIST_FILE = LXDY/Info.plist;
				IPHONEOS_DEPLOYMENT_TARGET = 11.0;
				LD_RUNPATH_SEARCH_PATHS = (
					"$(inherited)",
					"@executable_path/Frameworks",
				);
				PRODUCT_BUNDLE_IDENTIFIER = yunyi.LXDY;
				PRODUCT_NAME = "$(TARGET_NAME)";
				SWIFT_VERSION = 5.0;
				TARGETED_DEVICE_FAMILY = 1;
			};
			name = Debug;
		};
		7F8B27BA24D2B9D700BBDEE0 /* Release */ = {
			isa = XCBuildConfiguration;
			baseConfigurationReference = 68639F7AB57E2E73C23CFAA4 /* Pods-LXDY.release.xcconfig */;
			buildSettings = {
				ASSETCATALOG_COMPILER_APPICON_NAME = AppIcon;
				CODE_SIGN_STYLE = Automatic;
				INFOPLIST_FILE = LXDY/Info.plist;
				IPHONEOS_DEPLOYMENT_TARGET = 11.0;
				LD_RUNPATH_SEARCH_PATHS = (
					"$(inherited)",
					"@executable_path/Frameworks",
				);
				PRODUCT_BUNDLE_IDENTIFIER = yunyi.LXDY;
				PRODUCT_NAME = "$(TARGET_NAME)";
				SWIFT_VERSION = 5.0;
				TARGETED_DEVICE_FAMILY = 1;
			};
			name = Release;
		};
		7F8B27BC24D2B9D700BBDEE0 /* Debug */ = {
			isa = XCBuildConfiguration;
			baseConfigurationReference = 98BAE7290F806C748733B9C6 /* Pods-LXDYTests.debug.xcconfig */;
			buildSettings = {
				ALWAYS_EMBED_SWIFT_STANDARD_LIBRARIES = YES;
				BUNDLE_LOADER = "$(TEST_HOST)";
				CODE_SIGN_STYLE = Automatic;
				INFOPLIST_FILE = LXDYTests/Info.plist;
				IPHONEOS_DEPLOYMENT_TARGET = 13.1;
				LD_RUNPATH_SEARCH_PATHS = (
					"$(inherited)",
					"@executable_path/Frameworks",
					"@loader_path/Frameworks",
				);
				PRODUCT_BUNDLE_IDENTIFIER = yunyi.LXDYTests;
				PRODUCT_NAME = "$(TARGET_NAME)";
				SWIFT_VERSION = 5.0;
				TARGETED_DEVICE_FAMILY = "1,2";
				TEST_HOST = "$(BUILT_PRODUCTS_DIR)/LXDY.app/LXDY";
			};
			name = Debug;
		};
		7F8B27BD24D2B9D700BBDEE0 /* Release */ = {
			isa = XCBuildConfiguration;
			baseConfigurationReference = 95BC19EF505E4476728F37EC /* Pods-LXDYTests.release.xcconfig */;
			buildSettings = {
				ALWAYS_EMBED_SWIFT_STANDARD_LIBRARIES = YES;
				BUNDLE_LOADER = "$(TEST_HOST)";
				CODE_SIGN_STYLE = Automatic;
				INFOPLIST_FILE = LXDYTests/Info.plist;
				IPHONEOS_DEPLOYMENT_TARGET = 13.1;
				LD_RUNPATH_SEARCH_PATHS = (
					"$(inherited)",
					"@executable_path/Frameworks",
					"@loader_path/Frameworks",
				);
				PRODUCT_BUNDLE_IDENTIFIER = yunyi.LXDYTests;
				PRODUCT_NAME = "$(TARGET_NAME)";
				SWIFT_VERSION = 5.0;
				TARGETED_DEVICE_FAMILY = "1,2";
				TEST_HOST = "$(BUILT_PRODUCTS_DIR)/LXDY.app/LXDY";
			};
			name = Release;
		};
		7F8B27BF24D2B9D700BBDEE0 /* Debug */ = {
			isa = XCBuildConfiguration;
			baseConfigurationReference = 5CA4345E05A77FEF37767F74 /* Pods-LXDYUITests.debug.xcconfig */;
			buildSettings = {
				ALWAYS_EMBED_SWIFT_STANDARD_LIBRARIES = YES;
				CODE_SIGN_STYLE = Automatic;
				INFOPLIST_FILE = LXDYUITests/Info.plist;
				LD_RUNPATH_SEARCH_PATHS = (
					"$(inherited)",
					"@executable_path/Frameworks",
					"@loader_path/Frameworks",
				);
				PRODUCT_BUNDLE_IDENTIFIER = yunyi.LXDYUITests;
				PRODUCT_NAME = "$(TARGET_NAME)";
				SWIFT_VERSION = 5.0;
				TARGETED_DEVICE_FAMILY = "1,2";
				TEST_TARGET_NAME = LXDY;
			};
			name = Debug;
		};
		7F8B27C024D2B9D700BBDEE0 /* Release */ = {
			isa = XCBuildConfiguration;
			baseConfigurationReference = C84EE6DDD77452C69A1594AD /* Pods-LXDYUITests.release.xcconfig */;
			buildSettings = {
				ALWAYS_EMBED_SWIFT_STANDARD_LIBRARIES = YES;
				CODE_SIGN_STYLE = Automatic;
				INFOPLIST_FILE = LXDYUITests/Info.plist;
				LD_RUNPATH_SEARCH_PATHS = (
					"$(inherited)",
					"@executable_path/Frameworks",
					"@loader_path/Frameworks",
				);
				PRODUCT_BUNDLE_IDENTIFIER = yunyi.LXDYUITests;
				PRODUCT_NAME = "$(TARGET_NAME)";
				SWIFT_VERSION = 5.0;
				TARGETED_DEVICE_FAMILY = "1,2";
				TEST_TARGET_NAME = LXDY;
			};
			name = Release;
		};
/* End XCBuildConfiguration section */

/* Begin XCConfigurationList section */
		7F8B278924D2B9D400BBDEE0 /* Build configuration list for PBXProject "LXDY" */ = {
			isa = XCConfigurationList;
			buildConfigurations = (
				7F8B27B624D2B9D700BBDEE0 /* Debug */,
				7F8B27B724D2B9D700BBDEE0 /* Release */,
			);
			defaultConfigurationIsVisible = 0;
			defaultConfigurationName = Release;
		};
		7F8B27B824D2B9D700BBDEE0 /* Build configuration list for PBXNativeTarget "LXDY" */ = {
			isa = XCConfigurationList;
			buildConfigurations = (
				7F8B27B924D2B9D700BBDEE0 /* Debug */,
				7F8B27BA24D2B9D700BBDEE0 /* Release */,
			);
			defaultConfigurationIsVisible = 0;
			defaultConfigurationName = Release;
		};
		7F8B27BB24D2B9D700BBDEE0 /* Build configuration list for PBXNativeTarget "LXDYTests" */ = {
			isa = XCConfigurationList;
			buildConfigurations = (
				7F8B27BC24D2B9D700BBDEE0 /* Debug */,
				7F8B27BD24D2B9D700BBDEE0 /* Release */,
			);
			defaultConfigurationIsVisible = 0;
			defaultConfigurationName = Release;
		};
		7F8B27BE24D2B9D700BBDEE0 /* Build configuration list for PBXNativeTarget "LXDYUITests" */ = {
			isa = XCConfigurationList;
			buildConfigurations = (
				7F8B27BF24D2B9D700BBDEE0 /* Debug */,
				7F8B27C024D2B9D700BBDEE0 /* Release */,
			);
			defaultConfigurationIsVisible = 0;
			defaultConfigurationName = Release;
		};
/* End XCConfigurationList section */
	};
	rootObject = 7F8B278624D2B9D400BBDEE0 /* Project object */;
}
